// !$*UTF8*$!
{
	archiveVersion = 1;
	classes = {
	};
	objectVersion = 45;
	objects = {

/* Begin PBXBuildFile section */
		1D3623260D0F684500981E51 /* MapLayerDemoAppDelegate.m in Sources */ = {isa = PBXBuildFile; fileRef = 1D3623250D0F684500981E51 /* MapLayerDemoAppDelegate.m */; };
		1D60589B0D05DD56006BFB54 /* main.m in Sources */ = {isa = PBXBuildFile; fileRef = 29B97316FDCFA39411CA2CEA /* main.m */; };
		1D60589F0D05DD5A006BFB54 /* Foundation.framework in Frameworks */ = {isa = PBXBuildFile; fileRef = 1D30AB110D05D00D00671497 /* Foundation.framework */; };
		1DF5F4E00D08C38300B7A737 /* UIKit.framework in Frameworks */ = {isa = PBXBuildFile; fileRef = 1DF5F4DF0D08C38300B7A737 /* UIKit.framework */; };
		288765FD0DF74451002DB57D /* CoreGraphics.framework in Frameworks */ = {isa = PBXBuildFile; fileRef = 288765FC0DF74451002DB57D /* CoreGraphics.framework */; };
		695047F0126580D40059E9CE /* HaitiTileOverlay.m in Sources */ = {isa = PBXBuildFile; fileRef = 695047EF126580D30059E9CE /* HaitiTileOverlay.m */; };
		6977A52A121E5E320024FE6F /* CDistrictsTileOverlay.m in Sources */ = {isa = PBXBuildFile; fileRef = 6977A529121E5E320024FE6F /* CDistrictsTileOverlay.m */; };
		697AF0121343FD9700A77325 /* OSMRestrictedBoundsTileOverlay.m in Sources */ = {isa = PBXBuildFile; fileRef = 697AF0111343FD9700A77325 /* OSMRestrictedBoundsTileOverlay.m */; };
		69BE08B71212825E00B4A2DE /* MapKit.framework in Frameworks */ = {isa = PBXBuildFile; fileRef = 69BE08B61212825E00B4A2DE /* MapKit.framework */; };
		69BE08BB1212826500B4A2DE /* CoreLocation.framework in Frameworks */ = {isa = PBXBuildFile; fileRef = 69BE08BA1212826500B4A2DE /* CoreLocation.framework */; };
		69BE08DF1212832700B4A2DE /* CustomOverlayView.m in Sources */ = {isa = PBXBuildFile; fileRef = 69BE08DE1212832700B4A2DE /* CustomOverlayView.m */; };
		69F152591217259900F36A26 /* OSMTileOverlay.m in Sources */ = {isa = PBXBuildFile; fileRef = 69F152581217259900F36A26 /* OSMTileOverlay.m */; };
/* End PBXBuildFile section */

/* Begin PBXFileReference section */
		1D30AB110D05D00D00671497 /* Foundation.framework */ = {isa = PBXFileReference; lastKnownFileType = wrapper.framework; name = Foundation.framework; path = System/Library/Frameworks/Foundation.framework; sourceTree = SDKROOT; };
		1D3623240D0F684500981E51 /* MapLayerDemoAppDelegate.h */ = {isa = PBXFileReference; fileEncoding = 4; lastKnownFileType = sourcecode.c.h; path = MapLayerDemoAppDelegate.h; sourceTree = "<group>"; };
		1D3623250D0F684500981E51 /* MapLayerDemoAppDelegate.m */ = {isa = PBXFileReference; fileEncoding = 4; lastKnownFileType = sourcecode.c.objc; path = MapLayerDemoAppDelegate.m; sourceTree = "<group>"; };
		1D6058910D05DD3D006BFB54 /* MapLayerDemo.app */ = {isa = PBXFileReference; explicitFileType = wrapper.application; includeInIndex = 0; path = MapLayerDemo.app; sourceTree = BUILT_PRODUCTS_DIR; };
		1DF5F4DF0D08C38300B7A737 /* UIKit.framework */ = {isa = PBXFileReference; lastKnownFileType = wrapper.framework; name = UIKit.framework; path = System/Library/Frameworks/UIKit.framework; sourceTree = SDKROOT; };
		288765FC0DF74451002DB57D /* CoreGraphics.framework */ = {isa = PBXFileReference; lastKnownFileType = wrapper.framework; name = CoreGraphics.framework; path = System/Library/Frameworks/CoreGraphics.framework; sourceTree = SDKROOT; };
		29B97316FDCFA39411CA2CEA /* main.m */ = {isa = PBXFileReference; fileEncoding = 4; lastKnownFileType = sourcecode.c.objc; path = main.m; sourceTree = "<group>"; };
		32CA4F630368D1EE00C91783 /* MapLayerDemo_Prefix.pch */ = {isa = PBXFileReference; fileEncoding = 4; lastKnownFileType = sourcecode.c.h; path = MapLayerDemo_Prefix.pch; sourceTree = "<group>"; };
		695047EE126580D30059E9CE /* HaitiTileOverlay.h */ = {isa = PBXFileReference; fileEncoding = 4; lastKnownFileType = sourcecode.c.h; path = HaitiTileOverlay.h; sourceTree = "<group>"; };
		695047EF126580D30059E9CE /* HaitiTileOverlay.m */ = {isa = PBXFileReference; fileEncoding = 4; lastKnownFileType = sourcecode.c.objc; path = HaitiTileOverlay.m; sourceTree = "<group>"; };
		6977A528121E5E320024FE6F /* CDistrictsTileOverlay.h */ = {isa = PBXFileReference; fileEncoding = 4; lastKnownFileType = sourcecode.c.h; path = CDistrictsTileOverlay.h; sourceTree = "<group>"; };
		6977A529121E5E320024FE6F /* CDistrictsTileOverlay.m */ = {isa = PBXFileReference; fileEncoding = 4; lastKnownFileType = sourcecode.c.objc; path = CDistrictsTileOverlay.m; sourceTree = "<group>"; };
		697AF0101343FD9700A77325 /* OSMRestrictedBoundsTileOverlay.h */ = {isa = PBXFileReference; fileEncoding = 4; lastKnownFileType = sourcecode.c.h; path = OSMRestrictedBoundsTileOverlay.h; sourceTree = "<group>"; };
		697AF0111343FD9700A77325 /* OSMRestrictedBoundsTileOverlay.m */ = {isa = PBXFileReference; fileEncoding = 4; lastKnownFileType = sourcecode.c.objc; path = OSMRestrictedBoundsTileOverlay.m; sourceTree = "<group>"; };
		69BA8FFA1264E71E00E85A65 /* TileOverlay.h */ = {isa = PBXFileReference; fileEncoding = 4; lastKnownFileType = sourcecode.c.h; path = TileOverlay.h; sourceTree = "<group>"; };
		69BE08B61212825E00B4A2DE /* MapKit.framework */ = {isa = PBXFileReference; lastKnownFileType = wrapper.framework; name = MapKit.framework; path = System/Library/Frameworks/MapKit.framework; sourceTree = SDKROOT; };
		69BE08BA1212826500B4A2DE /* CoreLocation.framework */ = {isa = PBXFileReference; lastKnownFileType = wrapper.framework; name = CoreLocation.framework; path = System/Library/Frameworks/CoreLocation.framework; sourceTree = SDKROOT; };
		69BE08DD1212832700B4A2DE /* CustomOverlayView.h */ = {isa = PBXFileReference; fileEncoding = 4; lastKnownFileType = sourcecode.c.h; name = CustomOverlayView.h; path = Classes/CustomOverlayView.h; sourceTree = SOURCE_ROOT; };
		69BE08DE1212832700B4A2DE /* CustomOverlayView.m */ = {isa = PBXFileReference; fileEncoding = 4; lastKnownFileType = sourcecode.c.objc; name = CustomOverlayView.m; path = Classes/CustomOverlayView.m; sourceTree = SOURCE_ROOT; };
		69F152571217259900F36A26 /* OSMTileOverlay.h */ = {isa = PBXFileReference; fileEncoding = 4; lastKnownFileType = sourcecode.c.h; path = OSMTileOverlay.h; sourceTree = "<group>"; };
		69F152581217259900F36A26 /* OSMTileOverlay.m */ = {isa = PBXFileReference; fileEncoding = 4; lastKnownFileType = sourcecode.c.objc; path = OSMTileOverlay.m; sourceTree = "<group>"; };
		8D1107310486CEB800E47090 /* MapLayerDemo-Info.plist */ = {isa = PBXFileReference; fileEncoding = 4; lastKnownFileType = text.plist.xml; path = "MapLayerDemo-Info.plist"; plistStructureDefinitionIdentifier = "com.apple.xcode.plist.structure-definition.iphone.info-plist"; sourceTree = "<group>"; };
/* End PBXFileReference section */

/* Begin PBXFrameworksBuildPhase section */
		1D60588F0D05DD3D006BFB54 /* Frameworks */ = {
			isa = PBXFrameworksBuildPhase;
			buildActionMask = 2147483647;
			files = (
				1D60589F0D05DD5A006BFB54 /* Foundation.framework in Frameworks */,
				1DF5F4E00D08C38300B7A737 /* UIKit.framework in Frameworks */,
				288765FD0DF74451002DB57D /* CoreGraphics.framework in Frameworks */,
				69BE08B71212825E00B4A2DE /* MapKit.framework in Frameworks */,
				69BE08BB1212826500B4A2DE /* CoreLocation.framework in Frameworks */,
			);
			runOnlyForDeploymentPostprocessing = 0;
		};
/* End PBXFrameworksBuildPhase section */

/* Begin PBXGroup section */
		080E96DDFE201D6D7F000001 /* Classes */ = {
			isa = PBXGroup;
			children = (
				69BE08D91212830F00B4A2DE /* Model */,
				69BE08DA1212831600B4A2DE /* View */,
				1D3623240D0F684500981E51 /* MapLayerDemoAppDelegate.h */,
				1D3623250D0F684500981E51 /* MapLayerDemoAppDelegate.m */,
			);
			path = Classes;
			sourceTree = "<group>";
		};
		19C28FACFE9D520D11CA2CBB /* Products */ = {
			isa = PBXGroup;
			children = (
				1D6058910D05DD3D006BFB54 /* MapLayerDemo.app */,
			);
			name = Products;
			sourceTree = "<group>";
		};
		29B97314FDCFA39411CA2CEA /* CustomTemplate */ = {
			isa = PBXGroup;
			children = (
				080E96DDFE201D6D7F000001 /* Classes */,
				29B97315FDCFA39411CA2CEA /* Other Sources */,
				29B97317FDCFA39411CA2CEA /* Resources */,
				29B97323FDCFA39411CA2CEA /* Frameworks */,
				19C28FACFE9D520D11CA2CBB /* Products */,
			);
			name = CustomTemplate;
			sourceTree = "<group>";
		};
		29B97315FDCFA39411CA2CEA /* Other Sources */ = {
			isa = PBXGroup;
			children = (
				32CA4F630368D1EE00C91783 /* MapLayerDemo_Prefix.pch */,
				29B97316FDCFA39411CA2CEA /* main.m */,
			);
			name = "Other Sources";
			sourceTree = "<group>";
		};
		29B97317FDCFA39411CA2CEA /* Resources */ = {
			isa = PBXGroup;
			children = (
				8D1107310486CEB800E47090 /* MapLayerDemo-Info.plist */,
			);
			name = Resources;
			sourceTree = "<group>";
		};
		29B97323FDCFA39411CA2CEA /* Frameworks */ = {
			isa = PBXGroup;
			children = (
				1DF5F4DF0D08C38300B7A737 /* UIKit.framework */,
				1D30AB110D05D00D00671497 /* Foundation.framework */,
				288765FC0DF74451002DB57D /* CoreGraphics.framework */,
				69BE08BA1212826500B4A2DE /* CoreLocation.framework */,
				69BE08B61212825E00B4A2DE /* MapKit.framework */,
			);
			name = Frameworks;
			sourceTree = "<group>";
		};
		69BE08D91212830F00B4A2DE /* Model */ = {
			isa = PBXGroup;
			children = (
				69BA8FFA1264E71E00E85A65 /* TileOverlay.h */,
				6977A528121E5E320024FE6F /* CDistrictsTileOverlay.h */,
				6977A529121E5E320024FE6F /* CDistrictsTileOverlay.m */,
				69F152571217259900F36A26 /* OSMTileOverlay.h */,
				69F152581217259900F36A26 /* OSMTileOverlay.m */,
				697AF0101343FD9700A77325 /* OSMRestrictedBoundsTileOverlay.h */,
				697AF0111343FD9700A77325 /* OSMRestrictedBoundsTileOverlay.m */,
				695047EE126580D30059E9CE /* HaitiTileOverlay.h */,
				695047EF126580D30059E9CE /* HaitiTileOverlay.m */,
			);
			name = Model;
			sourceTree = "<group>";
		};
		69BE08DA1212831600B4A2DE /* View */ = {
			isa = PBXGroup;
			children = (
				69BE08DD1212832700B4A2DE /* CustomOverlayView.h */,
				69BE08DE1212832700B4A2DE /* CustomOverlayView.m */,
			);
			name = View;
			sourceTree = "<group>";
		};
/* End PBXGroup section */

/* Begin PBXNativeTarget section */
		1D6058900D05DD3D006BFB54 /* MapLayerDemo */ = {
			isa = PBXNativeTarget;
			buildConfigurationList = 1D6058960D05DD3E006BFB54 /* Build configuration list for PBXNativeTarget "MapLayerDemo" */;
			buildPhases = (
				1D60588D0D05DD3D006BFB54 /* Resources */,
				1D60588E0D05DD3D006BFB54 /* Sources */,
				1D60588F0D05DD3D006BFB54 /* Frameworks */,
			);
			buildRules = (
			);
			dependencies = (
			);
			name = MapLayerDemo;
			productName = MapLayerDemo;
			productReference = 1D6058910D05DD3D006BFB54 /* MapLayerDemo.app */;
			productType = "com.apple.product-type.application";
		};
/* End PBXNativeTarget section */

/* Begin PBXProject section */
		29B97313FDCFA39411CA2CEA /* Project object */ = {
			isa = PBXProject;
			buildConfigurationList = C01FCF4E08A954540054247B /* Build configuration list for PBXProject "MapLayerDemo" */;
			compatibilityVersion = "Xcode 3.1";
			developmentRegion = English;
			hasScannedForEncodings = 1;
			knownRegions = (
				en,
			);
			mainGroup = 29B97314FDCFA39411CA2CEA /* CustomTemplate */;
			projectDirPath = "";
			projectRoot = "";
			targets = (
				1D6058900D05DD3D006BFB54 /* MapLayerDemo */,
			);
		};
/* End PBXProject section */

/* Begin PBXResourcesBuildPhase section */
		1D60588D0D05DD3D006BFB54 /* Resources */ = {
			isa = PBXResourcesBuildPhase;
			buildActionMask = 2147483647;
			files = (
			);
			runOnlyForDeploymentPostprocessing = 0;
		};
/* End PBXResourcesBuildPhase section */

/* Begin PBXSourcesBuildPhase section */
		1D60588E0D05DD3D006BFB54 /* Sources */ = {
			isa = PBXSourcesBuildPhase;
			buildActionMask = 2147483647;
			files = (
				1D60589B0D05DD56006BFB54 /* main.m in Sources */,
				1D3623260D0F684500981E51 /* MapLayerDemoAppDelegate.m in Sources */,
				69BE08DF1212832700B4A2DE /* CustomOverlayView.m in Sources */,
				69F152591217259900F36A26 /* OSMTileOverlay.m in Sources */,
				6977A52A121E5E320024FE6F /* CDistrictsTileOverlay.m in Sources */,
				695047F0126580D40059E9CE /* HaitiTileOverlay.m in Sources */,
				697AF0121343FD9700A77325 /* OSMRestrictedBoundsTileOverlay.m in Sources */,
			);
			runOnlyForDeploymentPostprocessing = 0;
		};
/* End PBXSourcesBuildPhase section */

/* Begin XCBuildConfiguration section */
		1D6058940D05DD3E006BFB54 /* Debug */ = {
			isa = XCBuildConfiguration;
			buildSettings = {
				ALWAYS_SEARCH_USER_PATHS = NO;
				COPY_PHASE_STRIP = NO;
				GCC_DYNAMIC_NO_PIC = NO;
				GCC_OPTIMIZATION_LEVEL = 0;
				GCC_PRECOMPILE_PREFIX_HEADER = YES;
				GCC_PREFIX_HEADER = MapLayerDemo_Prefix.pch;
				INFOPLIST_FILE = "MapLayerDemo-Info.plist";
				PRODUCT_NAME = MapLayerDemo;
			};
			name = Debug;
		};
		1D6058950D05DD3E006BFB54 /* Release */ = {
			isa = XCBuildConfiguration;
			buildSettings = {
				ALWAYS_SEARCH_USER_PATHS = NO;
				COPY_PHASE_STRIP = YES;
				GCC_PRECOMPILE_PREFIX_HEADER = YES;
				GCC_PREFIX_HEADER = MapLayerDemo_Prefix.pch;
				INFOPLIST_FILE = "MapLayerDemo-Info.plist";
				PRODUCT_NAME = MapLayerDemo;
				VALIDATE_PRODUCT = YES;
			};
			name = Release;
		};
		C01FCF4F08A954540054247B /* Debug */ = {
			isa = XCBuildConfiguration;
			buildSettings = {
				ARCHS = "$(ARCHS_STANDARD_32_BIT)";
				"CODE_SIGN_IDENTITY[sdk=iphoneos*]" = "iPhone Developer";
				GCC_C_LANGUAGE_STANDARD = c99;
				GCC_VERSION = com.apple.compilers.llvm.clang.1_0;
				GCC_WARN_ABOUT_RETURN_TYPE = YES;
				GCC_WARN_UNUSED_VARIABLE = YES;
				OTHER_LDFLAGS = (
					"-ObjC",
					"-all_load",
				);
				PREBINDING = NO;
				SDKROOT = iphoneos4.1;
				USER_HEADER_SEARCH_PATHS = "../third_party/three20/Build/Products/three20 $(BUILT_PRODUCTS_DIR)/../three20 $(BUILT_PRODUCTS_DIR)/../../three20";
			};
			name = Debug;
		};
		C01FCF5008A954540054247B /* Release */ = {
			isa = XCBuildConfiguration;
			buildSettings = {
				ARCHS = "$(ARCHS_STANDARD_32_BIT)";
				"CODE_SIGN_IDENTITY[sdk=iphoneos*]" = "iPhone Developer";
				GCC_C_LANGUAGE_STANDARD = c99;
				GCC_VERSION = com.apple.compilers.llvm.clang.1_0;
				GCC_WARN_ABOUT_RETURN_TYPE = YES;
				GCC_WARN_UNUSED_VARIABLE = YES;
				OTHER_CFLAGS = "-DNS_BLOCK_ASSERTIONS=1";
				OTHER_LDFLAGS = (
					"-ObjC",
					"-all_load",
				);
				PREBINDING = NO;
				SDKROOT = iphoneos4.1;
				USER_HEADER_SEARCH_PATHS = "../third_party/three20/Build/Products/three20 $(BUILT_PRODUCTS_DIR)/../three20 $(BUILT_PRODUCTS_DIR)/../../three20";
			};
			name = Release;
		};
/* End XCBuildConfiguration section */

/* Begin XCConfigurationList section */
		1D6058960D05DD3E006BFB54 /* Build configuration list for PBXNativeTarget "MapLayerDemo" */ = {
			isa = XCConfigurationList;
			buildConfigurations = (
				1D6058940D05DD3E006BFB54 /* Debug */,
				1D6058950D05DD3E006BFB54 /* Release */,
			);
			defaultConfigurationIsVisible = 0;
			defaultConfigurationName = Release;
		};
		C01FCF4E08A954540054247B /* Build configuration list for PBXProject "MapLayerDemo" */ = {
			isa = XCConfigurationList;
			buildConfigurations = (
				C01FCF4F08A954540054247B /* Debug */,
				C01FCF5008A954540054247B /* Release */,
			);
			defaultConfigurationIsVisible = 0;
			defaultConfigurationName = Release;
		};
/* End XCConfigurationList section */
	};
	rootObject = 29B97313FDCFA39411CA2CEA /* Project object */;
}
